// !$*UTF8*$!
{
	archiveVersion = 1;
	classes = {
	};
	objectVersion = 50;
	objects = {

/* Begin PBXBuildFile section */
		9F643C512313652800BCA701 /* main.cpp in Sources */ = {isa = PBXBuildFile; fileRef = 9F643C502313652800BCA701 /* main.cpp */; };
/* End PBXBuildFile section */

/* Begin PBXCopyFilesBuildPhase section */
		9F643C4B2313652700BCA701 /* CopyFiles */ = {
			isa = PBXCopyFilesBuildPhase;
			buildActionMask = 2147483647;
			dstPath = /usr/share/man/man1/;
			dstSubfolderSpec = 0;
			files = (
			);
			runOnlyForDeploymentPostprocessing = 1;
		};
/* End PBXCopyFilesBuildPhase section */

/* Begin PBXFileReference section */
		9F643C4D2313652800BCA701 /* opencv_xcode_test */ = {isa = PBXFileReference; explicitFileType = "compiled.mach-o.executable"; includeInIndex = 0; path = opencv_xcode_test; sourceTree = BUILT_PRODUCTS_DIR; };
		9F643C502313652800BCA701 /* main.cpp */ = {isa = PBXFileReference; lastKnownFileType = sourcecode.cpp.cpp; path = main.cpp; sourceTree = "<group>"; };
/* End PBXFileReference section */

/* Begin PBXFrameworksBuildPhase section */
		9F643C4A2313652700BCA701 /* Frameworks */ = {
			isa = PBXFrameworksBuildPhase;
			buildActionMask = 2147483647;
			files = (
			);
			runOnlyForDeploymentPostprocessing = 0;
		};
/* End PBXFrameworksBuildPhase section */

/* Begin PBXGroup section */
		9F643C442313652700BCA701 = {
			isa = PBXGroup;
			children = (
				9F643C4F2313652800BCA701 /* opencv_xcode_test */,
				9F643C4E2313652800BCA701 /* Products */,
			);
			sourceTree = "<group>";
		};
		9F643C4E2313652800BCA701 /* Products */ = {
			isa = PBXGroup;
			children = (
				9F643C4D2313652800BCA701 /* opencv_xcode_test */,
			);
			name = Products;
			sourceTree = "<group>";
		};
		9F643C4F2313652800BCA701 /* opencv_xcode_test */ = {
			isa = PBXGroup;
			children = (
				9F643C502313652800BCA701 /* main.cpp */,
			);
			path = opencv_xcode_test;
			sourceTree = "<group>";
		};
/* End PBXGroup section */

/* Begin PBXNativeTarget section */
		9F643C4C2313652700BCA701 /* opencv_xcode_test */ = {
			isa = PBXNativeTarget;
			buildConfigurationList = 9F643C542313652800BCA701 /* Build configuration list for PBXNativeTarget "opencv_xcode_test" */;
			buildPhases = (
				9F643C492313652700BCA701 /* Sources */,
				9F643C4A2313652700BCA701 /* Frameworks */,
				9F643C4B2313652700BCA701 /* CopyFiles */,
			);
			buildRules = (
			);
			dependencies = (
			);
			name = opencv_xcode_test;
			productName = opencv_xcode_test;
			productReference = 9F643C4D2313652800BCA701 /* opencv_xcode_test */;
			productType = "com.apple.product-type.tool";
		};
/* End PBXNativeTarget section */

/* Begin PBXProject section */
		9F643C452313652700BCA701 /* Project object */ = {
			isa = PBXProject;
			attributes = {
				LastUpgradeCheck = 1030;
				ORGANIZATIONNAME = "Park Billy";
				TargetAttributes = {
					9F643C4C2313652700BCA701 = {
						CreatedOnToolsVersion = 10.3;
					};
				};
			};
			buildConfigurationList = 9F643C482313652700BCA701 /* Build configuration list for PBXProject "opencv_xcode_test" */;
			compatibilityVersion = "Xcode 9.3";
			developmentRegion = en;
			hasScannedForEncodings = 0;
			knownRegions = (
				en,
			);
			mainGroup = 9F643C442313652700BCA701;
			productRefGroup = 9F643C4E2313652800BCA701 /* Products */;
			projectDirPath = "";
			projectRoot = "";
			targets = (
				9F643C4C2313652700BCA701 /* opencv_xcode_test */,
			);
		};
/* End PBXProject section */

/* Begin PBXSourcesBuildPhase section */
		9F643C492313652700BCA701 /* Sources */ = {
			isa = PBXSourcesBuildPhase;
			buildActionMask = 2147483647;
			files = (
				9F643C512313652800BCA701 /* main.cpp in Sources */,
			);
			runOnlyForDeploymentPostprocessing = 0;
		};
/* End PBXSourcesBuildPhase section */

/* Begin XCBuildConfiguration section */
		9F643C522313652800BCA701 /* Debug */ = {
			isa = XCBuildConfiguration;
			buildSettings = {
				ALWAYS_SEARCH_USER_PATHS = NO;
				CLANG_ANALYZER_NONNULL = YES;
				CLANG_ANALYZER_NUMBER_OBJECT_CONVERSION = YES_AGGRESSIVE;
				CLANG_CXX_LANGUAGE_STANDARD = "gnu++14";
				CLANG_CXX_LIBRARY = "libc++";
				CLANG_ENABLE_MODULES = YES;
				CLANG_ENABLE_OBJC_ARC = YES;
				CLANG_ENABLE_OBJC_WEAK = YES;
				CLANG_WARN_BLOCK_CAPTURE_AUTORELEASING = YES;
				CLANG_WARN_BOOL_CONVERSION = YES;
				CLANG_WARN_COMMA = YES;
				CLANG_WARN_CONSTANT_CONVERSION = YES;
				CLANG_WARN_DEPRECATED_OBJC_IMPLEMENTATIONS = YES;
				CLANG_WARN_DIRECT_OBJC_ISA_USAGE = YES_ERROR;
				CLANG_WARN_DOCUMENTATION_COMMENTS = YES;
				CLANG_WARN_EMPTY_BODY = YES;
				CLANG_WARN_ENUM_CONVERSION = YES;
				CLANG_WARN_INFINITE_RECURSION = YES;
				CLANG_WARN_INT_CONVERSION = YES;
				CLANG_WARN_NON_LITERAL_NULL_CONVERSION = YES;
				CLANG_WARN_OBJC_IMPLICIT_RETAIN_SELF = YES;
				CLANG_WARN_OBJC_LITERAL_CONVERSION = YES;
				CLANG_WARN_OBJC_ROOT_CLASS = YES_ERROR;
				CLANG_WARN_RANGE_LOOP_ANALYSIS = YES;
				CLANG_WARN_STRICT_PROTOTYPES = YES;
				CLANG_WARN_SUSPICIOUS_MOVE = YES;
				CLANG_WARN_UNGUARDED_AVAILABILITY = YES_AGGRESSIVE;
				CLANG_WARN_UNREACHABLE_CODE = YES;
				CLANG_WARN__DUPLICATE_METHOD_MATCH = YES;
				CODE_SIGN_IDENTITY = "Mac Developer";
				COPY_PHASE_STRIP = NO;
				DEBUG_INFORMATION_FORMAT = dwarf;
				ENABLE_STRICT_OBJC_MSGSEND = YES;
				ENABLE_TESTABILITY = YES;
				GCC_C_LANGUAGE_STANDARD = gnu11;
				GCC_DYNAMIC_NO_PIC = NO;
				GCC_NO_COMMON_BLOCKS = YES;
				GCC_OPTIMIZATION_LEVEL = 0;
				GCC_PREPROCESSOR_DEFINITIONS = (
					"DEBUG=1",
					"$(inherited)",
				);
				GCC_WARN_64_TO_32_BIT_CONVERSION = YES;
				GCC_WARN_ABOUT_RETURN_TYPE = YES_ERROR;
				GCC_WARN_UNDECLARED_SELECTOR = YES;
				GCC_WARN_UNINITIALIZED_AUTOS = YES_AGGRESSIVE;
				GCC_WARN_UNUSED_FUNCTION = YES;
				GCC_WARN_UNUSED_VARIABLE = YES;
				MACOSX_DEPLOYMENT_TARGET = 10.14;
				MTL_ENABLE_DEBUG_INFO = INCLUDE_SOURCE;
				MTL_FAST_MATH = YES;
				ONLY_ACTIVE_ARCH = YES;
				SDKROOT = macosx;
			};
			name = Debug;
		};
		9F643C532313652800BCA701 /* Release */ = {
			isa = XCBuildConfiguration;
			buildSettings = {
				ALWAYS_SEARCH_USER_PATHS = NO;
				CLANG_ANALYZER_NONNULL = YES;
				CLANG_ANALYZER_NUMBER_OBJECT_CONVERSION = YES_AGGRESSIVE;
				CLANG_CXX_LANGUAGE_STANDARD = "gnu++14";
				CLANG_CXX_LIBRARY = "libc++";
				CLANG_ENABLE_MODULES = YES;
				CLANG_ENABLE_OBJC_ARC = YES;
				CLANG_ENABLE_OBJC_WEAK = YES;
				CLANG_WARN_BLOCK_CAPTURE_AUTORELEASING = YES;
				CLANG_WARN_BOOL_CONVERSION = YES;
				CLANG_WARN_COMMA = YES;
				CLANG_WARN_CONSTANT_CONVERSION = YES;
				CLANG_WARN_DEPRECATED_OBJC_IMPLEMENTATIONS = YES;
				CLANG_WARN_DIRECT_OBJC_ISA_USAGE = YES_ERROR;
				CLANG_WARN_DOCUMENTATION_COMMENTS = YES;
				CLANG_WARN_EMPTY_BODY = YES;
				CLANG_WARN_ENUM_CONVERSION = YES;
				CLANG_WARN_INFINITE_RECURSION = YES;
				CLANG_WARN_INT_CONVERSION = YES;
				CLANG_WARN_NON_LITERAL_NULL_CONVERSION = YES;
				CLANG_WARN_OBJC_IMPLICIT_RETAIN_SELF = YES;
				CLANG_WARN_OBJC_LITERAL_CONVERSION = YES;
				CLANG_WARN_OBJC_ROOT_CLASS = YES_ERROR;
				CLANG_WARN_RANGE_LOOP_ANALYSIS = YES;
				CLANG_WARN_STRICT_PROTOTYPES = YES;
				CLANG_WARN_SUSPICIOUS_MOVE = YES;
				CLANG_WARN_UNGUARDED_AVAILABILITY = YES_AGGRESSIVE;
				CLANG_WARN_UNREACHABLE_CODE = YES;
				CLANG_WARN__DUPLICATE_METHOD_MATCH = YES;
				CODE_SIGN_IDENTITY = "Mac Developer";
				COPY_PHASE_STRIP = NO;
				DEBUG_INFORMATION_FORMAT = "dwarf-with-dsym";
				ENABLE_NS_ASSERTIONS = NO;
				ENABLE_STRICT_OBJC_MSGSEND = YES;
				GCC_C_LANGUAGE_STANDARD = gnu11;
				GCC_NO_COMMON_BLOCKS = YES;
				GCC_WARN_64_TO_32_BIT_CONVERSION = YES;
				GCC_WARN_ABOUT_RETURN_TYPE = YES_ERROR;
				GCC_WARN_UNDECLARED_SELECTOR = YES;
				GCC_WARN_UNINITIALIZED_AUTOS = YES_AGGRESSIVE;
				GCC_WARN_UNUSED_FUNCTION = YES;
				GCC_WARN_UNUSED_VARIABLE = YES;
				MACOSX_DEPLOYMENT_TARGET = 10.14;
				MTL_ENABLE_DEBUG_INFO = NO;
				MTL_FAST_MATH = YES;
				SDKROOT = macosx;
			};
			name = Release;
		};
		9F643C552313652800BCA701 /* Debug */ = {
			isa = XCBuildConfiguration;
			buildSettings = {
				CODE_SIGN_STYLE = Automatic;
				DEVELOPMENT_TEAM = W9324F4M6V;
				HEADER_SEARCH_PATHS = /usr/local/include/opencv4;
				LIBRARY_SEARCH_PATHS = /usr/local/lib;
				OTHER_LDFLAGS = (
					"-I/usr/local/Cellar/opencv/4.1.0_2/include/opencv4/opencv",
					"-I/usr/local/Cellar/opencv/4.1.0_2/include/opencv4",
					"-L/usr/local/Cellar/opencv/4.1.0_2/lib",
					"-lopencv_gapi",
					"-lopencv_stitching",
					"-lopencv_aruco",
					"-lopencv_bgsegm",
					"-lopencv_bioinspired",
					"-lopencv_ccalib",
					"-lopencv_dnn_objdetect",
					"-lopencv_dpm",
					"-lopencv_face",
					"-lopencv_freetype",
					"-lopencv_fuzzy",
					"-lopencv_hfs",
					"-lopencv_img_hash",
					"-lopencv_line_descriptor",
					"-lopencv_quality",
					"-lopencv_reg",
					"-lopencv_rgbd",
					"-lopencv_saliency",
					"-lopencv_sfm",
					"-lopencv_stereo",
					"-lopencv_structured_light",
					"-lopencv_phase_unwrapping",
					"-lopencv_superres",
					"-lopencv_optflow",
					"-lopencv_surface_matching",
					"-lopencv_tracking",
					"-lopencv_datasets",
					"-lopencv_text",
					"-lopencv_dnn",
					"-lopencv_plot",
					"-lopencv_videostab",
					"-lopencv_video",
					"-lopencv_xfeatures2d",
					"-lopencv_shape",
					"-lopencv_ml",
					"-lopencv_ximgproc",
					"-lopencv_xobjdetect",
					"-lopencv_objdetect",
					"-lopencv_calib3d",
					"-lopencv_features2d",
					"-lopencv_highgui",
					"-lopencv_videoio",
					"-lopencv_imgcodecs",
					"-lopencv_flann",
					"-lopencv_xphoto",
					"-lopencv_photo",
					"-lopencv_imgproc",
					"-lopencv_core",
				);
				PRODUCT_NAME = "$(TARGET_NAME)";
			};
			name = Debug;
		};
		9F643C562313652800BCA701 /* Release */ = {
			isa = XCBuildConfiguration;
			buildSettings = {
				CODE_SIGN_STYLE = Automatic;
				DEVELOPMENT_TEAM = W9324F4M6V;
				HEADER_SEARCH_PATHS = /usr/local/include/opencv4;
				LIBRARY_SEARCH_PATHS = /usr/local/lib;
				OTHER_LDFLAGS = (
					"-I/usr/local/Cellar/opencv/4.1.0_2/include/opencv4/opencv",
					"-I/usr/local/Cellar/opencv/4.1.0_2/include/opencv4",
					"-L/usr/local/Cellar/opencv/4.1.0_2/lib",
					"-lopencv_gapi",
					"-lopencv_stitching",
					"-lopencv_aruco",
					"-lopencv_bgsegm",
					"-lopencv_bioinspired",
					"-lopencv_ccalib",
					"-lopencv_dnn_objdetect",
					"-lopencv_dpm",
					"-lopencv_face",
					"-lopencv_freetype",
					"-lopencv_fuzzy",
					"-lopencv_hfs",
					"-lopencv_img_hash",
					"-lopencv_line_descriptor",
					"-lopencv_quality",
					"-lopencv_reg",
					"-lopencv_rgbd",
					"-lopencv_saliency",
					"-lopencv_sfm",
					"-lopencv_stereo",
					"-lopencv_structured_light",
					"-lopencv_phase_unwrapping",
					"-lopencv_superres",
					"-lopencv_optflow",
					"-lopencv_surface_matching",
					"-lopencv_tracking",
					"-lopencv_datasets",
					"-lopencv_text",
					"-lopencv_dnn",
					"-lopencv_plot",
					"-lopencv_videostab",
					"-lopencv_video",
					"-lopencv_xfeatures2d",
					"-lopencv_shape",
					"-lopencv_ml",
					"-lopencv_ximgproc",
					"-lopencv_xobjdetect",
					"-lopencv_objdetect",
					"-lopencv_calib3d",
					"-lopencv_features2d",
					"-lopencv_highgui",
					"-lopencv_videoio",
					"-lopencv_imgcodecs",
					"-lopencv_flann",
					"-lopencv_xphoto",
					"-lopencv_photo",
					"-lopencv_imgproc",
					"-lopencv_core",
				);
				PRODUCT_NAME = "$(TARGET_NAME)";
			};
			name = Release;
		};
/* End XCBuildConfiguration section */

/* Begin XCConfigurationList section */
		9F643C482313652700BCA701 /* Build configuration list for PBXProject "opencv_xcode_test" */ = {
			isa = XCConfigurationList;
			buildConfigurations = (
				9F643C522313652800BCA701 /* Debug */,
				9F643C532313652800BCA701 /* Release */,
			);
			defaultConfigurationIsVisible = 0;
			defaultConfigurationName = Release;
		};
		9F643C542313652800BCA701 /* Build configuration list for PBXNativeTarget "opencv_xcode_test" */ = {
			isa = XCConfigurationList;
			buildConfigurations = (
				9F643C552313652800BCA701 /* Debug */,
				9F643C562313652800BCA701 /* Release */,
			);
			defaultConfigurationIsVisible = 0;
			defaultConfigurationName = Release;
		};
/* End XCConfigurationList section */
	};
	rootObject = 9F643C452313652700BCA701 /* Project object */;
}
